
Microsoft Visual Studio Solution File, Format Version 12.00
# Visual Studio Version 17
VisualStudioVersion = 17.11.35219.272
MinimumVisualStudioVersion = 10.0.40219.1
Project("{FAE04EC0-301F-11D3-BF4B-00C04F79EFBC}") = "todo", "todo\todo.csproj", "{B39429AE-E692-4881-A0B1-7CD66C878B0A}"
EndProject
Project("{2150E333-8FDC-42A3-9474-1A3956D46DE8}") = "Solution Items", "Solution Items", "{00D3B4D9-3B32-4D88-9F51-FC5162B57A7A}"
	ProjectSection(SolutionItems) = preProject
		todo.css = todo.css
		todo.html = todo.html
		todo.js = todo.js
	EndProjectSection
EndProject
Global
	GlobalSection(SolutionConfigurationPlatforms) = preSolution
		Debug|Any CPU = Debug|Any CPU
		Release|Any CPU = Release|Any CPU
	EndGlobalSection
	GlobalSection(ProjectConfigurationPlatforms) = postSolution
		{B39429AE-E692-4881-A0B1-7CD66C878B0A}.Debug|Any CPU.ActiveCfg = Debug|Any CPU
		{B39429AE-E692-4881-A0B1-7CD66C878B0A}.Debug|Any CPU.Build.0 = Debug|Any CPU
		{B39429AE-E692-4881-A0B1-7CD66C878B0A}.Release|Any CPU.ActiveCfg = Release|Any CPU
		{B39429AE-E692-4881-A0B1-7CD66C878B0A}.Release|Any CPU.Build.0 = Release|Any CPU
	EndGlobalSection
	GlobalSection(SolutionProperties) = preSolution
		HideSolutionNode = FALSE
	EndGlobalSection
	GlobalSection(ExtensibilityGlobals) = postSolution
		SolutionGuid = {AFA80A07-4797-4C10-B401-89E30EAB52A5}
	EndGlobalSection
EndGlobal
